{
  "requires": true,
  "lockfileVersion": 1,
  "dependencies": {
    "ipdb": {
      "version": "0.3.3",
      "resolved": "https://registry.npmjs.org/ipdb/-/ipdb-0.3.3.tgz",
      "integrity": "sha512-lQIa/I5mQ7WbT0h1MCkbixgZslJeEdjBN0a+ElDV2XDfdc0bgGWxUq6+QmMmcx3epu95xBGstmbR+1mX9m4EZQ=="
    }
  }
}
